
Microsoft Visual Studio Solution File, Format Version 12.00
# Visual Studio Version 17
VisualStudioVersion = 17.14.36518.9 d17.14
MinimumVisualStudioVersion = 10.0.40219.1
Project("{FAE04EC0-301F-11D3-BF4B-00C04F79EFBC}") = "WpfApp1", "WpfApp1\WpfApp1.csproj", "{5E602A4C-6F2B-4D62-89A2-C54A34204BC0}"
EndProject
Global
	GlobalSection(SolutionConfigurationPlatforms) = preSolution
		Debug|Any CPU = Debug|Any CPU
		Release|Any CPU = Release|Any CPU
	EndGlobalSection
	GlobalSection(ProjectConfigurationPlatforms) = postSolution
		{5E602A4C-6F2B-4D62-89A2-C54A34204BC0}.Debug|Any CPU.ActiveCfg = Debug|Any CPU
		{5E602A4C-6F2B-4D62-89A2-C54A34204BC0}.Debug|Any CPU.Build.0 = Debug|Any CPU
		{5E602A4C-6F2B-4D62-89A2-C54A34204BC0}.Release|Any CPU.ActiveCfg = Release|Any CPU
		{5E602A4C-6F2B-4D62-89A2-C54A34204BC0}.Release|Any CPU.Build.0 = Release|Any CPU
	EndGlobalSection
	GlobalSection(SolutionProperties) = preSolution
		HideSolutionNode = FALSE
	EndGlobalSection
	GlobalSection(ExtensibilityGlobals) = postSolution
		SolutionGuid = {825859D8-27A8-4001-851B-47D818F74498}
	EndGlobalSection
EndGlobal
