
Microsoft Visual Studio Solution File, Format Version 12.00
# Visual Studio Version 17
VisualStudioVersion = 17.13.35913.81 d17.13
MinimumVisualStudioVersion = 10.0.40219.1
Project("{FAE04EC0-301F-11D3-BF4B-00C04F79EFBC}") = "Camera2preview", "Camera2preview\Camera2preview.csproj", "{73683F91-4B47-4DF8-93CE-45B38D539870}"
EndProject
Global
	GlobalSection(SolutionConfigurationPlatforms) = preSolution
		Debug|Any CPU = Debug|Any CPU
		Release|Any CPU = Release|Any CPU
	EndGlobalSection
	GlobalSection(ProjectConfigurationPlatforms) = postSolution
		{73683F91-4B47-4DF8-93CE-45B38D539870}.Debug|Any CPU.ActiveCfg = Debug|Any CPU
		{73683F91-4B47-4DF8-93CE-45B38D539870}.Debug|Any CPU.Build.0 = Debug|Any CPU
		{73683F91-4B47-4DF8-93CE-45B38D539870}.Release|Any CPU.ActiveCfg = Release|Any CPU
		{73683F91-4B47-4DF8-93CE-45B38D539870}.Release|Any CPU.Build.0 = Release|Any CPU
	EndGlobalSection
	GlobalSection(SolutionProperties) = preSolution
		HideSolutionNode = FALSE
	EndGlobalSection
	GlobalSection(ExtensibilityGlobals) = postSolution
		SolutionGuid = {11D6DEE4-0590-4944-B18A-6760FB45F09E}
	EndGlobalSection
EndGlobal
