
Microsoft Visual Studio Solution File, Format Version 12.00
# Visual Studio Version 17
VisualStudioVersion = 17.13.35913.81 d17.13
MinimumVisualStudioVersion = 10.0.40219.1
Project("{FAE04EC0-301F-11D3-BF4B-00C04F79EFBC}") = "AspNetBlazorServer", "AspNetBlazorServer\AspNetBlazorServer.csproj", "{871988FE-33B9-4080-B555-03AE73498588}"
EndProject
Global
	GlobalSection(SolutionConfigurationPlatforms) = preSolution
		Debug|Any CPU = Debug|Any CPU
		Release|Any CPU = Release|Any CPU
	EndGlobalSection
	GlobalSection(ProjectConfigurationPlatforms) = postSolution
		{871988FE-33B9-4080-B555-03AE73498588}.Debug|Any CPU.ActiveCfg = Debug|Any CPU
		{871988FE-33B9-4080-B555-03AE73498588}.Debug|Any CPU.Build.0 = Debug|Any CPU
		{871988FE-33B9-4080-B555-03AE73498588}.Release|Any CPU.ActiveCfg = Release|Any CPU
		{871988FE-33B9-4080-B555-03AE73498588}.Release|Any CPU.Build.0 = Release|Any CPU
	EndGlobalSection
	GlobalSection(SolutionProperties) = preSolution
		HideSolutionNode = FALSE
	EndGlobalSection
	GlobalSection(ExtensibilityGlobals) = postSolution
		SolutionGuid = {477E5A33-0459-4F53-8227-66BE1F383C48}
	EndGlobalSection
EndGlobal
