
Microsoft Visual Studio Solution File, Format Version 12.00
# Visual Studio Version 17
VisualStudioVersion = 17.1.32228.430
MinimumVisualStudioVersion = 10.0.40219.1
Project("{8BC9CEB8-8B4A-11D0-8D11-00A0C91BC942}") = "0920_계좌관리프로그램(클라이언트)", "0920_계좌관리프로그램(클라이언트)\0920_계좌관리프로그램(클라이언트).vcxproj", "{47CE3D18-2D8B-440E-AC78-E61BE9EFA8E4}"
EndProject
Global
	GlobalSection(SolutionConfigurationPlatforms) = preSolution
		Debug|x64 = Debug|x64
		Debug|x86 = Debug|x86
		Release|x64 = Release|x64
		Release|x86 = Release|x86
	EndGlobalSection
	GlobalSection(ProjectConfigurationPlatforms) = postSolution
		{47CE3D18-2D8B-440E-AC78-E61BE9EFA8E4}.Debug|x64.ActiveCfg = Debug|x64
		{47CE3D18-2D8B-440E-AC78-E61BE9EFA8E4}.Debug|x64.Build.0 = Debug|x64
		{47CE3D18-2D8B-440E-AC78-E61BE9EFA8E4}.Debug|x86.ActiveCfg = Debug|Win32
		{47CE3D18-2D8B-440E-AC78-E61BE9EFA8E4}.Debug|x86.Build.0 = Debug|Win32
		{47CE3D18-2D8B-440E-AC78-E61BE9EFA8E4}.Release|x64.ActiveCfg = Release|x64
		{47CE3D18-2D8B-440E-AC78-E61BE9EFA8E4}.Release|x64.Build.0 = Release|x64
		{47CE3D18-2D8B-440E-AC78-E61BE9EFA8E4}.Release|x86.ActiveCfg = Release|Win32
		{47CE3D18-2D8B-440E-AC78-E61BE9EFA8E4}.Release|x86.Build.0 = Release|Win32
	EndGlobalSection
	GlobalSection(SolutionProperties) = preSolution
		HideSolutionNode = FALSE
	EndGlobalSection
	GlobalSection(ExtensibilityGlobals) = postSolution
		SolutionGuid = {D1F4C56B-4518-4566-8C7A-42406439AC84}
	EndGlobalSection
EndGlobal
