
Microsoft Visual Studio Solution File, Format Version 9.00
# Visual Studio 2005
Project("{8BC9CEB8-8B4A-11D0-8D11-00A0C91BC942}") = "DlgParam", "DlgParam.vcproj", "{7724C390-B931-41D9-98D3-7FE16C2A4053}"
EndProject
Global
	GlobalSection(SolutionConfigurationPlatforms) = preSolution
		Debug|Win32 = Debug|Win32
		Release|Win32 = Release|Win32
	EndGlobalSection
	GlobalSection(ProjectConfigurationPlatforms) = postSolution
		{7724C390-B931-41D9-98D3-7FE16C2A4053}.Debug|Win32.ActiveCfg = Debug|Win32
		{7724C390-B931-41D9-98D3-7FE16C2A4053}.Debug|Win32.Build.0 = Debug|Win32
		{7724C390-B931-41D9-98D3-7FE16C2A4053}.Release|Win32.ActiveCfg = Release|Win32
		{7724C390-B931-41D9-98D3-7FE16C2A4053}.Release|Win32.Build.0 = Release|Win32
	EndGlobalSection
	GlobalSection(SolutionProperties) = preSolution
		HideSolutionNode = FALSE
	EndGlobalSection
EndGlobal
