
Microsoft Visual Studio Solution File, Format Version 12.00
# Visual Studio Version 17
VisualStudioVersion = 17.14.36414.22 d17.14
MinimumVisualStudioVersion = 10.0.40219.1
Project("{FAE04EC0-301F-11D3-BF4B-00C04F79EFBC}") = "DDS", "DDS\DDS.csproj", "{409206B5-0EC4-4BCC-96F9-3C10EE95157D}"
EndProject
Global
	GlobalSection(SolutionConfigurationPlatforms) = preSolution
		Debug|Any CPU = Debug|Any CPU
		Release|Any CPU = Release|Any CPU
	EndGlobalSection
	GlobalSection(ProjectConfigurationPlatforms) = postSolution
		{409206B5-0EC4-4BCC-96F9-3C10EE95157D}.Debug|Any CPU.ActiveCfg = Debug|Any CPU
		{409206B5-0EC4-4BCC-96F9-3C10EE95157D}.Debug|Any CPU.Build.0 = Debug|Any CPU
		{409206B5-0EC4-4BCC-96F9-3C10EE95157D}.Release|Any CPU.ActiveCfg = Release|Any CPU
		{409206B5-0EC4-4BCC-96F9-3C10EE95157D}.Release|Any CPU.Build.0 = Release|Any CPU
	EndGlobalSection
	GlobalSection(SolutionProperties) = preSolution
		HideSolutionNode = FALSE
	EndGlobalSection
	GlobalSection(ExtensibilityGlobals) = postSolution
		SolutionGuid = {D1F01DAA-1D46-4380-974B-55AA825A622B}
	EndGlobalSection
EndGlobal
