
Microsoft Visual Studio Solution File, Format Version 12.00
# Visual Studio Version 17
VisualStudioVersion = 17.4.33110.190
MinimumVisualStudioVersion = 10.0.40219.1
Project("{FAE04EC0-301F-11D3-BF4B-00C04F79EFBC}") = "1023_시험_클라이언트", "1023_시험_클라이언트\1023_시험_클라이언트.csproj", "{6F76E0FB-713D-4F15-AED5-9EC9EB0621D4}"
EndProject
Global
	GlobalSection(SolutionConfigurationPlatforms) = preSolution
		Debug|Any CPU = Debug|Any CPU
		Release|Any CPU = Release|Any CPU
	EndGlobalSection
	GlobalSection(ProjectConfigurationPlatforms) = postSolution
		{6F76E0FB-713D-4F15-AED5-9EC9EB0621D4}.Debug|Any CPU.ActiveCfg = Debug|Any CPU
		{6F76E0FB-713D-4F15-AED5-9EC9EB0621D4}.Debug|Any CPU.Build.0 = Debug|Any CPU
		{6F76E0FB-713D-4F15-AED5-9EC9EB0621D4}.Release|Any CPU.ActiveCfg = Release|Any CPU
		{6F76E0FB-713D-4F15-AED5-9EC9EB0621D4}.Release|Any CPU.Build.0 = Release|Any CPU
	EndGlobalSection
	GlobalSection(SolutionProperties) = preSolution
		HideSolutionNode = FALSE
	EndGlobalSection
	GlobalSection(ExtensibilityGlobals) = postSolution
		SolutionGuid = {3C725B5F-2209-4AC5-9646-9AF70E03104F}
	EndGlobalSection
EndGlobal
