
Microsoft Visual Studio Solution File, Format Version 12.00
# Visual Studio Version 17
VisualStudioVersion = 17.5.33530.505
MinimumVisualStudioVersion = 10.0.40219.1
Project("{FAE04EC0-301F-11D3-BF4B-00C04F79EFBC}") = "LabelPos", "LabelPos\LabelPos.csproj", "{D439580B-1C8C-4E1E-9F74-275D0B362303}"
EndProject
Global
	GlobalSection(SolutionConfigurationPlatforms) = preSolution
		Debug|Any CPU = Debug|Any CPU
		Release|Any CPU = Release|Any CPU
	EndGlobalSection
	GlobalSection(ProjectConfigurationPlatforms) = postSolution
		{D439580B-1C8C-4E1E-9F74-275D0B362303}.Debug|Any CPU.ActiveCfg = Debug|Any CPU
		{D439580B-1C8C-4E1E-9F74-275D0B362303}.Debug|Any CPU.Build.0 = Debug|Any CPU
		{D439580B-1C8C-4E1E-9F74-275D0B362303}.Release|Any CPU.ActiveCfg = Release|Any CPU
		{D439580B-1C8C-4E1E-9F74-275D0B362303}.Release|Any CPU.Build.0 = Release|Any CPU
	EndGlobalSection
	GlobalSection(SolutionProperties) = preSolution
		HideSolutionNode = FALSE
	EndGlobalSection
	GlobalSection(ExtensibilityGlobals) = postSolution
		SolutionGuid = {6056A137-890E-4C5A-8AA7-5EA9F6F8CC7D}
	EndGlobalSection
EndGlobal
