
Microsoft Visual Studio Solution File, Format Version 12.00
# Visual Studio Version 17
VisualStudioVersion = 17.14.36414.22 d17.14
MinimumVisualStudioVersion = 10.0.40219.1
Project("{FAE04EC0-301F-11D3-BF4B-00C04F79EFBC}") = "DXApplication4", "DXApplication4\DXApplication4.csproj", "{8F8CBAC0-F770-424B-9676-C6AF5E3E91A9}"
EndProject
Global
	GlobalSection(SolutionConfigurationPlatforms) = preSolution
		Debug|Any CPU = Debug|Any CPU
		Release|Any CPU = Release|Any CPU
	EndGlobalSection
	GlobalSection(ProjectConfigurationPlatforms) = postSolution
		{8F8CBAC0-F770-424B-9676-C6AF5E3E91A9}.Debug|Any CPU.ActiveCfg = Debug|Any CPU
		{8F8CBAC0-F770-424B-9676-C6AF5E3E91A9}.Debug|Any CPU.Build.0 = Debug|Any CPU
		{8F8CBAC0-F770-424B-9676-C6AF5E3E91A9}.Release|Any CPU.ActiveCfg = Release|Any CPU
		{8F8CBAC0-F770-424B-9676-C6AF5E3E91A9}.Release|Any CPU.Build.0 = Release|Any CPU
	EndGlobalSection
	GlobalSection(SolutionProperties) = preSolution
		HideSolutionNode = FALSE
	EndGlobalSection
	GlobalSection(ExtensibilityGlobals) = postSolution
		SolutionGuid = {AF8CC1A7-7770-4221-95B2-345A278B96A2}
	EndGlobalSection
EndGlobal
