
Microsoft Visual Studio Solution File, Format Version 12.00
# Visual Studio Version 17
VisualStudioVersion = 17.1.32228.430
MinimumVisualStudioVersion = 10.0.40219.1
Project("{FAE04EC0-301F-11D3-BF4B-00C04F79EFBC}") = "1006_상속기반관리프로그램", "1006_상속기반관리프로그램\1006_상속기반관리프로그램.csproj", "{7E44AAF7-E32A-4774-B12C-4D9EC65BDA6B}"
EndProject
Global
	GlobalSection(SolutionConfigurationPlatforms) = preSolution
		Debug|Any CPU = Debug|Any CPU
		Release|Any CPU = Release|Any CPU
	EndGlobalSection
	GlobalSection(ProjectConfigurationPlatforms) = postSolution
		{7E44AAF7-E32A-4774-B12C-4D9EC65BDA6B}.Debug|Any CPU.ActiveCfg = Debug|Any CPU
		{7E44AAF7-E32A-4774-B12C-4D9EC65BDA6B}.Debug|Any CPU.Build.0 = Debug|Any CPU
		{7E44AAF7-E32A-4774-B12C-4D9EC65BDA6B}.Release|Any CPU.ActiveCfg = Release|Any CPU
		{7E44AAF7-E32A-4774-B12C-4D9EC65BDA6B}.Release|Any CPU.Build.0 = Release|Any CPU
	EndGlobalSection
	GlobalSection(SolutionProperties) = preSolution
		HideSolutionNode = FALSE
	EndGlobalSection
	GlobalSection(ExtensibilityGlobals) = postSolution
		SolutionGuid = {0E263351-D4A1-49F9-AE0A-61BEBD1892AA}
	EndGlobalSection
EndGlobal
