
Microsoft Visual Studio Solution File, Format Version 12.00
# Visual Studio Version 17
VisualStudioVersion = 17.13.35919.96
MinimumVisualStudioVersion = 10.0.40219.1
Project("{FAE04EC0-301F-11D3-BF4B-00C04F79EFBC}") = "XDL_PlanetView3", "XDL_PlanetView3\XDL_PlanetView3.csproj", "{884B3E39-37DC-48DF-AD34-B2FC420BEE0F}"
EndProject
Global
	GlobalSection(SolutionConfigurationPlatforms) = preSolution
		Debug|x64 = Debug|x64
		Release|x64 = Release|x64
	EndGlobalSection
	GlobalSection(ProjectConfigurationPlatforms) = postSolution
		{884B3E39-37DC-48DF-AD34-B2FC420BEE0F}.Debug|x64.ActiveCfg = Debug|x64
		{884B3E39-37DC-48DF-AD34-B2FC420BEE0F}.Debug|x64.Build.0 = Debug|x64
		{884B3E39-37DC-48DF-AD34-B2FC420BEE0F}.Release|x64.ActiveCfg = Release|x64
		{884B3E39-37DC-48DF-AD34-B2FC420BEE0F}.Release|x64.Build.0 = Release|x64
	EndGlobalSection
	GlobalSection(SolutionProperties) = preSolution
		HideSolutionNode = FALSE
	EndGlobalSection
EndGlobal
