
Microsoft Visual Studio Solution File, Format Version 9.00
# Visual Studio 2005
Project("{8BC9CEB8-8B4A-11D0-8D11-00A0C91BC942}") = "MapDlg", "MapDlg.vcproj", "{BCAC31F2-5E39-48A0-BDF3-40107A3D5669}"
EndProject
Global
	GlobalSection(SolutionConfigurationPlatforms) = preSolution
		Debug|Win32 = Debug|Win32
		Release|Win32 = Release|Win32
	EndGlobalSection
	GlobalSection(ProjectConfigurationPlatforms) = postSolution
		{BCAC31F2-5E39-48A0-BDF3-40107A3D5669}.Debug|Win32.ActiveCfg = Debug|Win32
		{BCAC31F2-5E39-48A0-BDF3-40107A3D5669}.Debug|Win32.Build.0 = Debug|Win32
		{BCAC31F2-5E39-48A0-BDF3-40107A3D5669}.Release|Win32.ActiveCfg = Release|Win32
		{BCAC31F2-5E39-48A0-BDF3-40107A3D5669}.Release|Win32.Build.0 = Release|Win32
	EndGlobalSection
	GlobalSection(SolutionProperties) = preSolution
		HideSolutionNode = FALSE
	EndGlobalSection
EndGlobal
