
Microsoft Visual Studio Solution File, Format Version 12.00
# Visual Studio Version 17
VisualStudioVersion = 17.1.32228.430
MinimumVisualStudioVersion = 10.0.40219.1
Project("{FAE04EC0-301F-11D3-BF4B-00C04F79EFBC}") = "1025_계좌실습", "1025_계좌실습\1025_계좌실습.csproj", "{86A03477-2653-466A-8CA4-6291033FA84C}"
EndProject
Global
	GlobalSection(SolutionConfigurationPlatforms) = preSolution
		Debug|Any CPU = Debug|Any CPU
		Release|Any CPU = Release|Any CPU
	EndGlobalSection
	GlobalSection(ProjectConfigurationPlatforms) = postSolution
		{86A03477-2653-466A-8CA4-6291033FA84C}.Debug|Any CPU.ActiveCfg = Debug|Any CPU
		{86A03477-2653-466A-8CA4-6291033FA84C}.Debug|Any CPU.Build.0 = Debug|Any CPU
		{86A03477-2653-466A-8CA4-6291033FA84C}.Release|Any CPU.ActiveCfg = Release|Any CPU
		{86A03477-2653-466A-8CA4-6291033FA84C}.Release|Any CPU.Build.0 = Release|Any CPU
	EndGlobalSection
	GlobalSection(SolutionProperties) = preSolution
		HideSolutionNode = FALSE
	EndGlobalSection
	GlobalSection(ExtensibilityGlobals) = postSolution
		SolutionGuid = {51C75498-3C94-45B4-A74A-EE2AF1B4E29E}
	EndGlobalSection
EndGlobal
