
Microsoft Visual Studio Solution File, Format Version 12.00
# Visual Studio Version 17
VisualStudioVersion = 17.5.33530.505
MinimumVisualStudioVersion = 10.0.40219.1
Project("{FAE04EC0-301F-11D3-BF4B-00C04F79EFBC}") = "끝말잇기 서버", "끝말잇기 서버\끝말잇기 서버.csproj", "{D7425F4B-8496-4E8E-A885-A0DA77D887B6}"
EndProject
Global
	GlobalSection(SolutionConfigurationPlatforms) = preSolution
		Debug|Any CPU = Debug|Any CPU
		Release|Any CPU = Release|Any CPU
	EndGlobalSection
	GlobalSection(ProjectConfigurationPlatforms) = postSolution
		{D7425F4B-8496-4E8E-A885-A0DA77D887B6}.Debug|Any CPU.ActiveCfg = Debug|Any CPU
		{D7425F4B-8496-4E8E-A885-A0DA77D887B6}.Debug|Any CPU.Build.0 = Debug|Any CPU
		{D7425F4B-8496-4E8E-A885-A0DA77D887B6}.Release|Any CPU.ActiveCfg = Release|Any CPU
		{D7425F4B-8496-4E8E-A885-A0DA77D887B6}.Release|Any CPU.Build.0 = Release|Any CPU
	EndGlobalSection
	GlobalSection(SolutionProperties) = preSolution
		HideSolutionNode = FALSE
	EndGlobalSection
	GlobalSection(ExtensibilityGlobals) = postSolution
		SolutionGuid = {0170F7A7-F00F-4204-9D57-90DFD03AA78F}
	EndGlobalSection
EndGlobal
