
Microsoft Visual Studio Solution File, Format Version 12.00
# Visual Studio Version 16
VisualStudioVersion = 16.0.31402.337
MinimumVisualStudioVersion = 10.0.40219.1
Project("{FAE04EC0-301F-11D3-BF4B-00C04F79EFBC}") = "1109_MVVM", "1109_MVVM\1109_MVVM.csproj", "{D75432DC-98E0-44D0-B955-5A6A53B7D53D}"
EndProject
Global
	GlobalSection(SolutionConfigurationPlatforms) = preSolution
		Debug|Any CPU = Debug|Any CPU
		Release|Any CPU = Release|Any CPU
	EndGlobalSection
	GlobalSection(ProjectConfigurationPlatforms) = postSolution
		{D75432DC-98E0-44D0-B955-5A6A53B7D53D}.Debug|Any CPU.ActiveCfg = Debug|Any CPU
		{D75432DC-98E0-44D0-B955-5A6A53B7D53D}.Debug|Any CPU.Build.0 = Debug|Any CPU
		{D75432DC-98E0-44D0-B955-5A6A53B7D53D}.Release|Any CPU.ActiveCfg = Release|Any CPU
		{D75432DC-98E0-44D0-B955-5A6A53B7D53D}.Release|Any CPU.Build.0 = Release|Any CPU
	EndGlobalSection
	GlobalSection(SolutionProperties) = preSolution
		HideSolutionNode = FALSE
	EndGlobalSection
	GlobalSection(ExtensibilityGlobals) = postSolution
		SolutionGuid = {464F6A7E-DBDA-4987-BC49-C0B472879997}
	EndGlobalSection
EndGlobal
